
Microsoft Visual Studio Solution File, Format Version 12.00
# Visual Studio Version 17
VisualStudioVersion = 17.13.35931.197
MinimumVisualStudioVersion = 10.0.40219.1
Project("{FAE04EC0-301F-11D3-BF4B-00C04F79EFBC}") = "Backend_Gestion_Magasin_API", "Backend_Gestion_Magasin_API.csproj", "{87C000F4-E92F-FCC6-496E-29A79E5993FB}"
EndProject
Project("{FAE04EC0-301F-11D3-BF4B-00C04F79EFBC}") = "backend.Tests", "backend.Tests\backend.Tests.csproj", "{50193BC9-6073-4B8A-830E-F3915EA1F209}"
EndProject
Global
	GlobalSection(SolutionConfigurationPlatforms) = preSolution
		Debug|Any CPU = Debug|Any CPU
		Debug|x64 = Debug|x64
		Debug|x86 = Debug|x86
		Release|Any CPU = Release|Any CPU
		Release|x64 = Release|x64
		Release|x86 = Release|x86
	EndGlobalSection
	GlobalSection(ProjectConfigurationPlatforms) = postSolution
		{87C000F4-E92F-FCC6-496E-29A79E5993FB}.Debug|Any CPU.ActiveCfg = Debug|Any CPU
		{87C000F4-E92F-FCC6-496E-29A79E5993FB}.Debug|Any CPU.Build.0 = Debug|Any CPU
		{87C000F4-E92F-FCC6-496E-29A79E5993FB}.Debug|x64.ActiveCfg = Debug|Any CPU
		{87C000F4-E92F-FCC6-496E-29A79E5993FB}.Debug|x64.Build.0 = Debug|Any CPU
		{87C000F4-E92F-FCC6-496E-29A79E5993FB}.Debug|x86.ActiveCfg = Debug|Any CPU
		{87C000F4-E92F-FCC6-496E-29A79E5993FB}.Debug|x86.Build.0 = Debug|Any CPU
		{87C000F4-E92F-FCC6-496E-29A79E5993FB}.Release|Any CPU.ActiveCfg = Release|Any CPU
		{87C000F4-E92F-FCC6-496E-29A79E5993FB}.Release|Any CPU.Build.0 = Release|Any CPU
		{87C000F4-E92F-FCC6-496E-29A79E5993FB}.Release|x64.ActiveCfg = Release|Any CPU
		{87C000F4-E92F-FCC6-496E-29A79E5993FB}.Release|x64.Build.0 = Release|Any CPU
		{87C000F4-E92F-FCC6-496E-29A79E5993FB}.Release|x86.ActiveCfg = Release|Any CPU
		{87C000F4-E92F-FCC6-496E-29A79E5993FB}.Release|x86.Build.0 = Release|Any CPU
		{50193BC9-6073-4B8A-830E-F3915EA1F209}.Debug|Any CPU.ActiveCfg = Debug|Any CPU
		{50193BC9-6073-4B8A-830E-F3915EA1F209}.Debug|Any CPU.Build.0 = Debug|Any CPU
		{50193BC9-6073-4B8A-830E-F3915EA1F209}.Debug|x64.ActiveCfg = Debug|Any CPU
		{50193BC9-6073-4B8A-830E-F3915EA1F209}.Debug|x64.Build.0 = Debug|Any CPU
		{50193BC9-6073-4B8A-830E-F3915EA1F209}.Debug|x86.ActiveCfg = Debug|Any CPU
		{50193BC9-6073-4B8A-830E-F3915EA1F209}.Debug|x86.Build.0 = Debug|Any CPU
		{50193BC9-6073-4B8A-830E-F3915EA1F209}.Release|Any CPU.ActiveCfg = Release|Any CPU
		{50193BC9-6073-4B8A-830E-F3915EA1F209}.Release|Any CPU.Build.0 = Release|Any CPU
		{50193BC9-6073-4B8A-830E-F3915EA1F209}.Release|x64.ActiveCfg = Release|Any CPU
		{50193BC9-6073-4B8A-830E-F3915EA1F209}.Release|x64.Build.0 = Release|Any CPU
		{50193BC9-6073-4B8A-830E-F3915EA1F209}.Release|x86.ActiveCfg = Release|Any CPU
		{50193BC9-6073-4B8A-830E-F3915EA1F209}.Release|x86.Build.0 = Release|Any CPU
	EndGlobalSection
	GlobalSection(SolutionProperties) = preSolution
		HideSolutionNode = FALSE
	EndGlobalSection
	GlobalSection(ExtensibilityGlobals) = postSolution
		SolutionGuid = {2B1FEAC6-F997-4C2E-AF5C-2727564131D3}
	EndGlobalSection
EndGlobal
